# THIS IS AN AUTOGENERATED FILE. DO NOT EDIT THIS FILE DIRECTLY.
# yarn lockfile v1


graphql@^14.2.1:
  version "14.2.1"
  resolved "https://registry.yarnpkg.com/graphql/-/graphql-14.2.1.tgz#779529bf9a01e7207b977a54c20670b48ca6e95c"
  dependencies:
    iterall "^1.2.2"

iterall@^1.2.2:
  version "1.2.2"
  resolved "https://registry.yarnpkg.com/iterall/-/iterall-1.2.2.tgz#92d70deb8028e0c39ff3164fdbf4d8b088130cd7"
